# Generated by pub
# See https://dart.dev/tools/pub/glossary#lockfile
packages:
  _fe_analyzer_shared:
    dependency: transitive
    description:
      name: _fe_analyzer_shared
      url: "https://pub.dartlang.org"
    source: hosted
    version: "7.0.0"
  analytics:
    dependency: "direct main"
    description:
      path: "."
      ref: develop
      resolved-ref: "93f64dfd7dc2678ff64b0584181f38bfda023ec2"
      url: "git@gitlab.com:scotts-miracle-gro/marketing/mobile-apps/framework/packages/analytics.git"
    source: git
    version: "0.1.0"
  analyzer:
    dependency: transitive
    description:
      name: analyzer
      url: "https://pub.dartlang.org"
    source: hosted
    version: "0.39.17"
  app_settings:
    dependency: "direct main"
    description:
      name: app_settings
      url: "https://pub.dartlang.org"
    source: hosted
    version: "4.0.4"
  appsflyer_sdk:
    dependency: "direct main"
    description:
      name: appsflyer_sdk
      url: "https://pub.dartlang.org"
    source: hosted
    version: "6.0.5+3"
  archive:
    dependency: transitive
    description:
      name: archive
      url: "https://pub.dartlang.org"
    source: hosted
    version: "2.0.13"
  args:
    dependency: transitive
    description:
      name: args
      url: "https://pub.dartlang.org"
    source: hosted
    version: "1.6.0"
  async:
    dependency: transitive
    description:
      name: async
      url: "https://pub.dartlang.org"
    source: hosted
    version: "2.5.0-nullsafety.1"
  bloc:
    dependency: transitive
    description:
      name: bloc
      url: "https://pub.dartlang.org"
    source: hosted
    version: "6.1.1"
  bloc_test:
    dependency: "direct dev"
    description:
      name: bloc_test
      url: "https://pub.dartlang.org"
    source: hosted
    version: "7.1.0"
  boolean_selector:
    dependency: transitive
    description:
      name: boolean_selector
      url: "https://pub.dartlang.org"
    source: hosted
    version: "2.1.0-nullsafety.1"
  build:
    dependency: transitive
    description:
      name: build
      url: "https://pub.dartlang.org"
    source: hosted
    version: "1.6.2"
  built_collection:
    dependency: transitive
    description:
      name: built_collection
      url: "https://pub.dartlang.org"
    source: hosted
    version: "4.3.2"
  built_value:
    dependency: transitive
    description:
      name: built_value
      url: "https://pub.dartlang.org"
    source: hosted
    version: "7.1.0"
  bus:
    dependency: "direct main"
    description:
      path: "."
      ref: master
      resolved-ref: "08a42f7b666aa1a95e357b804a0b1660a2787d27"
      url: "git@gitlab.com:scotts-miracle-gro/marketing/mobile-apps/framework/packages/bus.git"
    source: git
    version: "0.0.1"
  cached_network_image:
    dependency: "direct main"
    description:
      name: cached_network_image
      url: "https://pub.dartlang.org"
    source: hosted
    version: "2.5.0"
  characters:
    dependency: transitive
    description:
      name: characters
      url: "https://pub.dartlang.org"
    source: hosted
    version: "1.1.0-nullsafety.3"
  charcode:
    dependency: transitive
    description:
      name: charcode
      url: "https://pub.dartlang.org"
    source: hosted
    version: "1.2.0-nullsafety.1"
  chewie:
    dependency: transitive
    description:
      name: chewie
      url: "https://pub.dartlang.org"
    source: hosted
    version: "0.12.1+1"
  chewie_audio:
    dependency: transitive
    description:
      name: chewie_audio
      url: "https://pub.dartlang.org"
    source: hosted
    version: "1.1.1"
  circular_check_box:
    dependency: "direct main"
    description:
      name: circular_check_box
      url: "https://pub.dartlang.org"
    source: hosted
    version: "1.0.4"
  cli_util:
    dependency: transitive
    description:
      name: cli_util
      url: "https://pub.dartlang.org"
    source: hosted
    version: "0.2.0"
  clock:
    dependency: transitive
    description:
      name: clock
      url: "https://pub.dartlang.org"
    source: hosted
    version: "1.1.0-nullsafety.1"
  cloud_firestore:
    dependency: "direct main"
    description:
      name: cloud_firestore
      url: "https://pub.dartlang.org"
    source: hosted
    version: "0.14.4"
  cloud_firestore_platform_interface:
    dependency: transitive
    description:
      name: cloud_firestore_platform_interface
      url: "https://pub.dartlang.org"
    source: hosted
    version: "2.2.1"
  cloud_firestore_web:
    dependency: transitive
    description:
      name: cloud_firestore_web
      url: "https://pub.dartlang.org"
    source: hosted
    version: "0.2.1+2"
  code_builder:
    dependency: transitive
    description:
      name: code_builder
      url: "https://pub.dartlang.org"
    source: hosted
    version: "3.6.0"
  collection:
    dependency: transitive
    description:
      name: collection
      url: "https://pub.dartlang.org"
    source: hosted
    version: "1.15.0-nullsafety.3"
  connectivity:
    dependency: "direct main"
    description:
      name: connectivity
      url: "https://pub.dartlang.org"
    source: hosted
    version: "0.4.9+5"
  connectivity_for_web:
    dependency: transitive
    description:
      name: connectivity_for_web
      url: "https://pub.dartlang.org"
    source: hosted
    version: "0.3.1+4"
  connectivity_macos:
    dependency: transitive
    description:
      name: connectivity_macos
      url: "https://pub.dartlang.org"
    source: hosted
    version: "0.1.0+7"
  connectivity_platform_interface:
    dependency: transitive
    description:
      name: connectivity_platform_interface
      url: "https://pub.dartlang.org"
    source: hosted
    version: "1.0.6"
  contentful_rich_text:
    dependency: "direct main"
    description:
      name: contentful_rich_text
      url: "https://pub.dartlang.org"
    source: hosted
    version: "0.1.2"
  convert:
    dependency: transitive
    description:
      name: convert
      url: "https://pub.dartlang.org"
    source: hosted
    version: "2.1.1"
  coverage:
    dependency: transitive
    description:
      name: coverage
      url: "https://pub.dartlang.org"
    source: hosted
    version: "0.14.2"
  crypto:
    dependency: transitive
    description:
      name: crypto
      url: "https://pub.dartlang.org"
    source: hosted
    version: "2.1.5"
  cryptography:
    dependency: "direct main"
    description:
      name: cryptography
      url: "https://pub.dartlang.org"
    source: hosted
    version: "1.4.1"
  css_colors:
    dependency: transitive
    description:
      name: css_colors
      url: "https://pub.dartlang.org"
    source: hosted
    version: "1.0.2"
  csslib:
    dependency: transitive
    description:
      name: csslib
      url: "https://pub.dartlang.org"
    source: hosted
    version: "0.16.2"
  cupertino_icons:
    dependency: transitive
    description:
      name: cupertino_icons
      url: "https://pub.dartlang.org"
    source: hosted
    version: "1.0.0"
  custom_switch_button:
    dependency: "direct main"
    description:
      name: custom_switch_button
      url: "https://pub.dartlang.org"
    source: hosted
    version: "0.5.0"
  dart_style:
    dependency: transitive
    description:
      name: dart_style
      url: "https://pub.dartlang.org"
    source: hosted
    version: "1.3.6"
  data:
    dependency: "direct main"
    description:
      path: "."
      ref: master
      resolved-ref: "6f9cf46011ae0ec874648ec5caab274cf2c57a3c"
      url: "git@gitlab.com:scotts-miracle-gro/marketing/mobile-apps/framework/packages/data.git"
    source: git
    version: "0.0.1"
  device_info:
    dependency: "direct main"
    description:
      name: device_info
      url: "https://pub.dartlang.org"
    source: hosted
    version: "1.0.0"
  device_info_platform_interface:
    dependency: transitive
    description:
      name: device_info_platform_interface
      url: "https://pub.dartlang.org"
    source: hosted
    version: "1.0.1"
  dynamic_links_service:
    dependency: "direct main"
    description:
      path: "."
      ref: develop
      resolved-ref: "6b593ebfa369b4ed5e4d3f2e5f8528ed418f0838"
      url: "git@gitlab.com:scotts-miracle-gro/marketing/mobile-apps/framework/packages/dynamic_links_service.git"
    source: git
    version: "0.1.0"
  equatable:
    dependency: "direct main"
    description:
      name: equatable
      url: "https://pub.dartlang.org"
    source: hosted
    version: "1.2.5"
  fake_async:
    dependency: transitive
    description:
      name: fake_async
      url: "https://pub.dartlang.org"
    source: hosted
    version: "1.2.0-nullsafety.1"
  ffi:
    dependency: transitive
    description:
      name: ffi
      url: "https://pub.dartlang.org"
    source: hosted
    version: "0.1.3"
  file:
    dependency: transitive
    description:
      name: file
      url: "https://pub.dartlang.org"
    source: hosted
    version: "6.0.0-nullsafety.2"
  firebase:
    dependency: transitive
    description:
      name: firebase
      url: "https://pub.dartlang.org"
    source: hosted
    version: "7.3.3"
  firebase_analytics:
    dependency: transitive
    description:
      name: firebase_analytics
      url: "https://pub.dartlang.org"
    source: hosted
    version: "6.3.0"
  firebase_analytics_platform_interface:
    dependency: transitive
    description:
      name: firebase_analytics_platform_interface
      url: "https://pub.dartlang.org"
    source: hosted
    version: "1.0.3"
  firebase_analytics_web:
    dependency: transitive
    description:
      name: firebase_analytics_web
      url: "https://pub.dartlang.org"
    source: hosted
    version: "0.1.1"
  firebase_core:
    dependency: "direct main"
    description:
      name: firebase_core
      url: "https://pub.dartlang.org"
    source: hosted
    version: "0.5.3"
  firebase_core_platform_interface:
    dependency: transitive
    description:
      name: firebase_core_platform_interface
      url: "https://pub.dartlang.org"
    source: hosted
    version: "2.1.0"
  firebase_core_web:
    dependency: transitive
    description:
      name: firebase_core_web
      url: "https://pub.dartlang.org"
    source: hosted
    version: "0.2.1+1"
  firebase_crashlytics:
    dependency: "direct main"
    description:
      name: firebase_crashlytics
      url: "https://pub.dartlang.org"
    source: hosted
    version: "0.2.4"
  firebase_crashlytics_platform_interface:
    dependency: transitive
    description:
      name: firebase_crashlytics_platform_interface
      url: "https://pub.dartlang.org"
    source: hosted
    version: "1.1.4"
  firebase_dynamic_links:
    dependency: transitive
    description:
      name: firebase_dynamic_links
      url: "https://pub.dartlang.org"
    source: hosted
    version: "0.5.3"
  firebase_messaging:
    dependency: "direct main"
    description:
      name: firebase_messaging
      url: "https://pub.dartlang.org"
    source: hosted
    version: "7.0.3"
  firebase_performance:
    dependency: "direct main"
    description:
      name: firebase_performance
      url: "https://pub.dartlang.org"
    source: hosted
    version: "0.4.3"
  firebase_remote_config:
    dependency: "direct main"
    description:
      name: firebase_remote_config
      url: "https://pub.dartlang.org"
    source: hosted
    version: "0.4.3"
  fixnum:
    dependency: transitive
    description:
      name: fixnum
      url: "https://pub.dartlang.org"
    source: hosted
    version: "0.10.11"
  fl_chart:
    dependency: "direct main"
    description:
      name: fl_chart
      url: "https://pub.dartlang.org"
    source: hosted
    version: "0.12.1"
  flat:
    dependency: "direct main"
    description:
      name: flat
      url: "https://pub.dartlang.org"
    source: hosted
    version: "0.2.0"
  flushbar:
    dependency: "direct main"
    description:
      name: flushbar
      url: "https://pub.dartlang.org"
    source: hosted
    version: "1.10.4"
  flutter:
    dependency: "direct main"
    description: flutter
    source: sdk
    version: "0.0.0"
  flutter_acpanalytics:
    dependency: "direct main"
    description:
      name: flutter_acpanalytics
      url: "https://pub.dartlang.org"
    source: hosted
    version: "1.0.0"
  flutter_acpcore:
    dependency: "direct main"
    description:
      name: flutter_acpcore
      url: "https://pub.dartlang.org"
    source: hosted
    version: "1.0.0"
  flutter_acpplaces:
    dependency: "direct main"
    description:
      name: flutter_acpplaces
      url: "https://pub.dartlang.org"
    source: hosted
    version: "1.0.1"
  flutter_acpplaces_monitor:
    dependency: "direct main"
    description:
      name: flutter_acpplaces_monitor
      url: "https://pub.dartlang.org"
    source: hosted
    version: "1.0.1"
  flutter_acpuserprofile:
    dependency: "direct main"
    description:
      path: "."
      ref: master
      resolved-ref: "649f039f27278987c380a9cb50080fd0815c4651"
      url: "git@gitlab.com:scotts-miracle-gro/marketing/mobile-apps/framework/plugins/flutter-acpuserprofile.git"
    source: git
    version: "1.0.0"
  flutter_bloc:
    dependency: "direct main"
    description:
      name: flutter_bloc
      url: "https://pub.dartlang.org"
    source: hosted
    version: "6.1.1"
  flutter_blurhash:
    dependency: transitive
    description:
      name: flutter_blurhash
      url: "https://pub.dartlang.org"
    source: hosted
    version: "0.5.0"
  flutter_cache_manager:
    dependency: transitive
    description:
      name: flutter_cache_manager
      url: "https://pub.dartlang.org"
    source: hosted
    version: "2.1.0"
  flutter_driver:
    dependency: "direct dev"
    description: flutter
    source: sdk
    version: "0.0.0"
  flutter_email_sender:
    dependency: "direct main"
    description:
      name: flutter_email_sender
      url: "https://pub.dartlang.org"
    source: hosted
    version: "3.0.1"
  flutter_facebook_login:
    dependency: "direct main"
    description:
      name: flutter_facebook_login
      url: "https://pub.dartlang.org"
    source: hosted
    version: "3.0.0"
  flutter_html:
    dependency: "direct main"
    description:
      name: flutter_html
      url: "https://pub.dartlang.org"
    source: hosted
    version: "1.1.1"
  flutter_inappwebview:
    dependency: transitive
    description:
      name: flutter_inappwebview
      url: "https://pub.dartlang.org"
    source: hosted
    version: "4.0.0+4"
  flutter_launcher_icons:
    dependency: "direct dev"
    description:
      name: flutter_launcher_icons
      url: "https://pub.dartlang.org"
    source: hosted
    version: "0.8.1"
  flutter_phoenix:
    dependency: "direct main"
    description:
      name: flutter_phoenix
      url: "https://pub.dartlang.org"
    source: hosted
    version: "0.1.0"
  flutter_plugin_android_lifecycle:
    dependency: transitive
    description:
      name: flutter_plugin_android_lifecycle
      url: "https://pub.dartlang.org"
    source: hosted
    version: "1.0.11"
  flutter_secure_storage:
    dependency: transitive
    description:
      name: flutter_secure_storage
      url: "https://pub.dartlang.org"
    source: hosted
    version: "3.3.5"
  flutter_staggered_grid_view:
    dependency: "direct main"
    description:
      name: flutter_staggered_grid_view
      url: "https://pub.dartlang.org"
    source: hosted
    version: "0.3.3"
  flutter_svg:
    dependency: transitive
    description:
      name: flutter_svg
      url: "https://pub.dartlang.org"
    source: hosted
    version: "0.19.1"
  flutter_test:
    dependency: "direct dev"
    description: flutter
    source: sdk
    version: "0.0.0"
  flutter_web_plugins:
    dependency: transitive
    description: flutter
    source: sdk
    version: "0.0.0"
  fraction:
    dependency: "direct main"
    description:
      name: fraction
      url: "https://pub.dartlang.org"
    source: hosted
    version: "1.2.1"
  fuchsia_remote_debug_protocol:
    dependency: transitive
    description: flutter
    source: sdk
    version: "0.0.0"
  geolocation:
    dependency: "direct main"
    description:
      path: "."
      ref: develop
      resolved-ref: e78815f6013751041a9cdd16e9d193c83ce615f0
      url: "git@gitlab.com:scotts-miracle-gro/marketing/mobile-apps/framework/packages/geolocation.git"
    source: git
    version: "0.1.0"
  geolocator:
    dependency: "direct main"
    description:
      name: geolocator
      url: "https://pub.dartlang.org"
    source: hosted
    version: "5.3.2+2"
  get_it:
    dependency: transitive
    description:
      name: get_it
      url: "https://pub.dartlang.org"
    source: hosted
    version: "4.0.4"
  glob:
    dependency: transitive
    description:
      name: glob
      url: "https://pub.dartlang.org"
    source: hosted
    version: "1.2.0"
  google_api_availability:
    dependency: transitive
    description:
      name: google_api_availability
      url: "https://pub.dartlang.org"
    source: hosted
    version: "2.0.4"
  google_maps_flutter:
    dependency: "direct main"
    description:
      name: google_maps_flutter
      url: "https://pub.dartlang.org"
    source: hosted
    version: "1.0.6"
  google_maps_flutter_platform_interface:
    dependency: transitive
    description:
      name: google_maps_flutter_platform_interface
      url: "https://pub.dartlang.org"
    source: hosted
    version: "1.0.5"
  google_sign_in:
    dependency: "direct main"
    description:
      name: google_sign_in
      url: "https://pub.dartlang.org"
    source: hosted
    version: "4.5.6"
  google_sign_in_platform_interface:
    dependency: transitive
    description:
      name: google_sign_in_platform_interface
      url: "https://pub.dartlang.org"
    source: hosted
    version: "1.1.2"
  google_sign_in_web:
    dependency: transitive
    description:
      name: google_sign_in_web
      url: "https://pub.dartlang.org"
    source: hosted
    version: "0.9.2"
  gql:
    dependency: transitive
    description:
      name: gql
      url: "https://pub.dartlang.org"
    source: hosted
    version: "0.12.4"
  graphql:
    dependency: transitive
    description:
      name: graphql
      url: "https://pub.dartlang.org"
    source: hosted
    version: "3.1.0"
  graphql_flutter:
    dependency: "direct main"
    description:
      name: graphql_flutter
      url: "https://pub.dartlang.org"
    source: hosted
    version: "3.1.0"
  html:
    dependency: transitive
    description:
      name: html
      url: "https://pub.dartlang.org"
    source: hosted
    version: "0.14.0+4"
  html_unescape:
    dependency: transitive
    description:
      name: html_unescape
      url: "https://pub.dartlang.org"
    source: hosted
    version: "1.0.2"
  http:
    dependency: "direct main"
    description:
      name: http
      url: "https://pub.dartlang.org"
    source: hosted
    version: "0.12.2"
  http_interceptor:
    dependency: "direct main"
    description:
      name: http_interceptor
      url: "https://pub.dartlang.org"
    source: hosted
    version: "0.3.3"
  http_multi_server:
    dependency: transitive
    description:
      name: http_multi_server
      url: "https://pub.dartlang.org"
    source: hosted
    version: "2.2.0"
  http_parser:
    dependency: transitive
    description:
      name: http_parser
      url: "https://pub.dartlang.org"
    source: hosted
    version: "3.1.4"
  http_proxy:
    dependency: "direct main"
    description:
      name: http_proxy
      url: "https://pub.dartlang.org"
    source: hosted
    version: "1.1.0"
  image:
    dependency: transitive
    description:
      name: image
      url: "https://pub.dartlang.org"
    source: hosted
    version: "2.1.19"
  image_picker:
    dependency: "direct main"
    description:
      name: image_picker
      url: "https://pub.dartlang.org"
    source: hosted
    version: "0.6.7+21"
  image_picker_platform_interface:
    dependency: transitive
    description:
      name: image_picker_platform_interface
      url: "https://pub.dartlang.org"
    source: hosted
    version: "1.1.1"
  import_js_library:
    dependency: transitive
    description:
      name: import_js_library
      url: "https://pub.dartlang.org"
    source: hosted
    version: "1.0.2"
  intersperse:
    dependency: "direct main"
    description:
      name: intersperse
      url: "https://pub.dartlang.org"
    source: hosted
    version: "1.0.1+1"
  intl:
    dependency: "direct main"
    description:
      name: intl
      url: "https://pub.dartlang.org"
    source: hosted
    version: "0.16.1"
  io:
    dependency: transitive
    description:
      name: io
      url: "https://pub.dartlang.org"
    source: hosted
    version: "0.3.4"
  js:
    dependency: transitive
    description:
      name: js
      url: "https://pub.dartlang.org"
    source: hosted
    version: "0.6.3-nullsafety.2"
  json_rpc_2:
    dependency: transitive
    description:
      name: json_rpc_2
      url: "https://pub.dartlang.org"
    source: hosted
    version: "2.2.2"
  jwt_decoder:
    dependency: "direct main"
    description:
      name: jwt_decoder
      url: "https://pub.dartlang.org"
    source: hosted
    version: "1.0.3"
  local_storage:
    dependency: "direct main"
    description:
      path: "."
      ref: develop
      resolved-ref: aa79a90f841f9b589033deefa7de80a6275de472
      url: "git@gitlab.com:scotts-miracle-gro/marketing/mobile-apps/framework/packages/local_storage.git"
    source: git
    version: "0.1.0"
  localytics_plugin:
    dependency: "direct main"
    description:
      path: "."
      ref: develop
      resolved-ref: be3e105e26831a6780749320a1e749627db9df97
      url: "git@gitlab.com:scotts-miracle-gro/marketing/mobile-apps/framework/plugins/localytics.git"
    source: git
    version: "0.0.2"
  location:
    dependency: "direct main"
    description:
      name: location
      url: "https://pub.dartlang.org"
    source: hosted
    version: "2.5.4"
  location_permissions:
    dependency: transitive
    description:
      name: location_permissions
      url: "https://pub.dartlang.org"
    source: hosted
    version: "3.0.0+1"
  logger:
    dependency: "direct main"
    description:
      name: logger
      url: "https://pub.dartlang.org"
    source: hosted
    version: "0.7.0+2"
  logger_flutter:
    dependency: "direct main"
    description:
      name: logger_flutter
      url: "https://pub.dartlang.org"
    source: hosted
    version: "0.7.1"
  logging:
    dependency: transitive
    description:
      name: logging
      url: "https://pub.dartlang.org"
    source: hosted
    version: "0.11.4"
  mask_text_input_formatter:
    dependency: "direct main"
    description:
      name: mask_text_input_formatter
      url: "https://pub.dartlang.org"
    source: hosted
    version: "1.2.1"
  matcher:
    dependency: transitive
    description:
      name: matcher
      url: "https://pub.dartlang.org"
    source: hosted
    version: "0.12.10-nullsafety.1"
  meta:
    dependency: transitive
    description:
      name: meta
      url: "https://pub.dartlang.org"
    source: hosted
    version: "1.3.0-nullsafety.3"
  mime:
    dependency: transitive
    description:
      name: mime
      url: "https://pub.dartlang.org"
    source: hosted
    version: "0.9.7"
  mockito:
    dependency: "direct dev"
    description:
      name: mockito
      url: "https://pub.dartlang.org"
    source: hosted
    version: "4.1.2"
  navigation:
    dependency: "direct main"
    description:
      path: "."
      ref: develop
      resolved-ref: "4f61aad8f8a502f48048c78da945deb6109429fb"
      url: "git@gitlab.com:scotts-miracle-gro/marketing/mobile-apps/framework/packages/navigation.git"
    source: git
    version: "0.1.0"
  nested:
    dependency: transitive
    description:
      name: nested
      url: "https://pub.dartlang.org"
    source: hosted
    version: "0.0.4"
  node_interop:
    dependency: transitive
    description:
      name: node_interop
      url: "https://pub.dartlang.org"
    source: hosted
    version: "1.2.1"
  node_io:
    dependency: transitive
    description:
      name: node_io
      url: "https://pub.dartlang.org"
    source: hosted
    version: "1.1.1"
  node_preamble:
    dependency: transitive
    description:
      name: node_preamble
      url: "https://pub.dartlang.org"
    source: hosted
    version: "1.4.12"
  octo_image:
    dependency: transitive
    description:
      name: octo_image
      url: "https://pub.dartlang.org"
    source: hosted
    version: "0.3.0"
  package_config:
    dependency: transitive
    description:
      name: package_config
      url: "https://pub.dartlang.org"
    source: hosted
    version: "1.9.3"
  package_info:
    dependency: "direct main"
    description:
      name: package_info
      url: "https://pub.dartlang.org"
    source: hosted
    version: "0.4.3+2"
  path:
    dependency: "direct main"
    description:
      name: path
      url: "https://pub.dartlang.org"
    source: hosted
    version: "1.8.0-nullsafety.1"
  path_drawing:
    dependency: transitive
    description:
      name: path_drawing
      url: "https://pub.dartlang.org"
    source: hosted
    version: "0.4.1+1"
  path_parsing:
    dependency: transitive
    description:
      name: path_parsing
      url: "https://pub.dartlang.org"
    source: hosted
    version: "0.1.4"
  path_provider:
    dependency: "direct main"
    description:
      name: path_provider
      url: "https://pub.dartlang.org"
    source: hosted
    version: "1.6.24"
  path_provider_linux:
    dependency: transitive
    description:
      name: path_provider_linux
      url: "https://pub.dartlang.org"
    source: hosted
    version: "0.0.1+2"
  path_provider_macos:
    dependency: transitive
    description:
      name: path_provider_macos
      url: "https://pub.dartlang.org"
    source: hosted
    version: "0.0.4+6"
  path_provider_platform_interface:
    dependency: transitive
    description:
      name: path_provider_platform_interface
      url: "https://pub.dartlang.org"
    source: hosted
    version: "1.0.4"
  path_provider_windows:
    dependency: transitive
    description:
      name: path_provider_windows
      url: "https://pub.dartlang.org"
    source: hosted
    version: "0.0.4+3"
  pedantic:
    dependency: "direct main"
    description:
      name: pedantic
      url: "https://pub.dartlang.org"
    source: hosted
    version: "1.10.0-nullsafety.2"
  permission_handler:
    dependency: "direct main"
    description:
      name: permission_handler
      url: "https://pub.dartlang.org"
    source: hosted
    version: "5.0.1+1"
  permission_handler_platform_interface:
    dependency: transitive
    description:
      name: permission_handler_platform_interface
      url: "https://pub.dartlang.org"
    source: hosted
    version: "2.0.1"
  petitparser:
    dependency: transitive
    description:
      name: petitparser
      url: "https://pub.dartlang.org"
    source: hosted
    version: "3.1.0"
  platform:
    dependency: transitive
    description:
      name: platform
      url: "https://pub.dartlang.org"
    source: hosted
    version: "3.0.0-nullsafety.2"
  plugin_platform_interface:
    dependency: transitive
    description:
      name: plugin_platform_interface
      url: "https://pub.dartlang.org"
    source: hosted
    version: "1.0.3"
  pool:
    dependency: transitive
    description:
      name: pool
      url: "https://pub.dartlang.org"
    source: hosted
    version: "1.5.0-nullsafety.2"
  process:
    dependency: transitive
    description:
      name: process
      url: "https://pub.dartlang.org"
    source: hosted
    version: "4.0.0-nullsafety.2"
  provider:
    dependency: transitive
    description:
      name: provider
      url: "https://pub.dartlang.org"
    source: hosted
    version: "4.3.2+3"
  pub_semver:
    dependency: "direct main"
    description:
      name: pub_semver
      url: "https://pub.dartlang.org"
    source: hosted
    version: "1.4.4"
  quiver:
    dependency: transitive
    description:
      name: quiver
      url: "https://pub.dartlang.org"
    source: hosted
    version: "2.1.5"
  registry:
    dependency: "direct main"
    description:
      path: "."
      ref: develop
      resolved-ref: "9957d224b76f9d5613fb1150ebd04b3b10809f71"
      url: "git@gitlab.com:scotts-miracle-gro/marketing/mobile-apps/framework/packages/registry.git"
    source: git
    version: "0.0.2"
  rxdart:
    dependency: "direct main"
    description:
      name: rxdart
      url: "https://pub.dartlang.org"
    source: hosted
    version: "0.24.1"
  scroll_to_index:
    dependency: "direct main"
    description:
      name: scroll_to_index
      url: "https://pub.dartlang.org"
    source: hosted
    version: "1.0.6"
  sensors:
    dependency: transitive
    description:
      name: sensors
      url: "https://pub.dartlang.org"
    source: hosted
    version: "0.4.2+6"
  shared_preferences:
    dependency: transitive
    description:
      name: shared_preferences
      url: "https://pub.dartlang.org"
    source: hosted
    version: "0.5.12+4"
  shared_preferences_linux:
    dependency: transitive
    description:
      name: shared_preferences_linux
      url: "https://pub.dartlang.org"
    source: hosted
    version: "0.0.2+4"
  shared_preferences_macos:
    dependency: transitive
    description:
      name: shared_preferences_macos
      url: "https://pub.dartlang.org"
    source: hosted
    version: "0.0.1+11"
  shared_preferences_platform_interface:
    dependency: transitive
    description:
      name: shared_preferences_platform_interface
      url: "https://pub.dartlang.org"
    source: hosted
    version: "1.0.4"
  shared_preferences_web:
    dependency: transitive
    description:
      name: shared_preferences_web
      url: "https://pub.dartlang.org"
    source: hosted
    version: "0.1.2+7"
  shared_preferences_windows:
    dependency: transitive
    description:
      name: shared_preferences_windows
      url: "https://pub.dartlang.org"
    source: hosted
    version: "0.0.1+3"
  shelf:
    dependency: transitive
    description:
      name: shelf
      url: "https://pub.dartlang.org"
    source: hosted
    version: "0.7.9"
  shelf_packages_handler:
    dependency: transitive
    description:
      name: shelf_packages_handler
      url: "https://pub.dartlang.org"
    source: hosted
    version: "2.0.0"
  shelf_static:
    dependency: transitive
    description:
      name: shelf_static
      url: "https://pub.dartlang.org"
    source: hosted
    version: "0.2.9+1"
  shelf_web_socket:
    dependency: transitive
    description:
      name: shelf_web_socket
      url: "https://pub.dartlang.org"
    source: hosted
    version: "0.2.3"
  shimmer:
    dependency: "direct main"
    description:
      name: shimmer
      url: "https://pub.dartlang.org"
    source: hosted
    version: "1.1.2"
  sign_in_with_apple:
    dependency: "direct main"
    description:
      name: sign_in_with_apple
      url: "https://pub.dartlang.org"
    source: hosted
    version: "2.5.4"
  simple_animations:
    dependency: transitive
    description:
      name: simple_animations
      url: "https://pub.dartlang.org"
    source: hosted
    version: "1.3.12"
  simple_gesture_detector:
    dependency: transitive
    description:
      name: simple_gesture_detector
      url: "https://pub.dartlang.org"
    source: hosted
    version: "0.1.6"
  sky_engine:
    dependency: transitive
    description: flutter
    source: sdk
    version: "0.0.99"
  source_gen:
    dependency: transitive
    description:
      name: source_gen
      url: "https://pub.dartlang.org"
    source: hosted
    version: "0.9.10+1"
  source_map_stack_trace:
    dependency: transitive
    description:
      name: source_map_stack_trace
      url: "https://pub.dartlang.org"
    source: hosted
    version: "2.1.0-nullsafety.3"
  source_maps:
    dependency: transitive
    description:
      name: source_maps
      url: "https://pub.dartlang.org"
    source: hosted
    version: "0.10.10-nullsafety.2"
  source_span:
    dependency: transitive
    description:
      name: source_span
      url: "https://pub.dartlang.org"
    source: hosted
    version: "1.8.0-nullsafety.2"
  sqflite:
    dependency: transitive
    description:
      name: sqflite
      url: "https://pub.dartlang.org"
    source: hosted
    version: "1.3.2+1"
  sqflite_common:
    dependency: transitive
    description:
      name: sqflite_common
      url: "https://pub.dartlang.org"
    source: hosted
    version: "1.0.2+1"
  stack_trace:
    dependency: transitive
    description:
      name: stack_trace
      url: "https://pub.dartlang.org"
    source: hosted
    version: "1.10.0-nullsafety.1"
  stream_channel:
    dependency: transitive
    description:
      name: stream_channel
      url: "https://pub.dartlang.org"
    source: hosted
    version: "2.1.0-nullsafety.1"
  stream_transform:
    dependency: transitive
    description:
      name: stream_transform
      url: "https://pub.dartlang.org"
    source: hosted
    version: "1.2.0"
  string_scanner:
    dependency: transitive
    description:
      name: string_scanner
      url: "https://pub.dartlang.org"
    source: hosted
    version: "1.1.0-nullsafety.1"
  sync_http:
    dependency: transitive
    description:
      name: sync_http
      url: "https://pub.dartlang.org"
    source: hosted
    version: "0.2.0"
  synchronized:
    dependency: transitive
    description:
      name: synchronized
      url: "https://pub.dartlang.org"
    source: hosted
    version: "2.2.0+2"
  table_calendar:
    dependency: "direct main"
    description:
      name: table_calendar
      url: "https://pub.dartlang.org"
    source: hosted
    version: "2.3.3"
  term_glyph:
    dependency: transitive
    description:
      name: term_glyph
      url: "https://pub.dartlang.org"
    source: hosted
    version: "1.2.0-nullsafety.1"
  test:
    dependency: "direct dev"
    description:
      name: test
      url: "https://pub.dartlang.org"
    source: hosted
    version: "1.16.0-nullsafety.5"
  test_api:
    dependency: transitive
    description:
      name: test_api
      url: "https://pub.dartlang.org"
    source: hosted
    version: "0.2.19-nullsafety.2"
  test_core:
    dependency: transitive
    description:
      name: test_core
      url: "https://pub.dartlang.org"
    source: hosted
    version: "0.3.12-nullsafety.5"
  typed_data:
    dependency: transitive
    description:
      name: typed_data
      url: "https://pub.dartlang.org"
    source: hosted
    version: "1.3.0-nullsafety.3"
  uni_links:
    dependency: "direct main"
    description:
      name: uni_links
      url: "https://pub.dartlang.org"
    source: hosted
    version: "0.4.0"
  url_launcher:
    dependency: "direct main"
    description:
      name: url_launcher
      url: "https://pub.dartlang.org"
    source: hosted
    version: "5.7.10"
  url_launcher_linux:
    dependency: transitive
    description:
      name: url_launcher_linux
      url: "https://pub.dartlang.org"
    source: hosted
    version: "0.0.1+4"
  url_launcher_macos:
    dependency: transitive
    description:
      name: url_launcher_macos
      url: "https://pub.dartlang.org"
    source: hosted
    version: "0.0.1+9"
  url_launcher_platform_interface:
    dependency: transitive
    description:
      name: url_launcher_platform_interface
      url: "https://pub.dartlang.org"
    source: hosted
    version: "1.0.9"
  url_launcher_web:
    dependency: transitive
    description:
      name: url_launcher_web
      url: "https://pub.dartlang.org"
    source: hosted
    version: "0.1.5+1"
  url_launcher_windows:
    dependency: transitive
    description:
      name: url_launcher_windows
      url: "https://pub.dartlang.org"
    source: hosted
    version: "0.0.1+3"
  uuid:
    dependency: "direct main"
    description:
      name: uuid
      url: "https://pub.dartlang.org"
    source: hosted
    version: "2.2.2"
  uuid_enhanced:
    dependency: transitive
    description:
      name: uuid_enhanced
      url: "https://pub.dartlang.org"
    source: hosted
    version: "3.0.2"
  vector_math:
    dependency: transitive
    description:
      name: vector_math
      url: "https://pub.dartlang.org"
    source: hosted
    version: "2.1.0-nullsafety.3"
  video_player:
    dependency: transitive
    description:
      name: video_player
      url: "https://pub.dartlang.org"
    source: hosted
    version: "1.0.1"
  video_player_platform_interface:
    dependency: transitive
    description:
      name: video_player_platform_interface
      url: "https://pub.dartlang.org"
    source: hosted
    version: "2.2.0"
  video_player_web:
    dependency: transitive
    description:
      name: video_player_web
      url: "https://pub.dartlang.org"
    source: hosted
    version: "0.1.4+1"
  vm_service:
    dependency: transitive
    description:
      name: vm_service
      url: "https://pub.dartlang.org"
    source: hosted
    version: "5.5.0"
  vm_service_client:
    dependency: transitive
    description:
      name: vm_service_client
      url: "https://pub.dartlang.org"
    source: hosted
    version: "0.2.6+2"
  wakelock:
    dependency: transitive
    description:
      name: wakelock
      url: "https://pub.dartlang.org"
    source: hosted
    version: "0.2.1+1"
  wakelock_platform_interface:
    dependency: transitive
    description:
      name: wakelock_platform_interface
      url: "https://pub.dartlang.org"
    source: hosted
    version: "0.1.0+1"
  wakelock_web:
    dependency: transitive
    description:
      name: wakelock_web
      url: "https://pub.dartlang.org"
    source: hosted
    version: "0.1.0+3"
  watcher:
    dependency: transitive
    description:
      name: watcher
      url: "https://pub.dartlang.org"
    source: hosted
    version: "0.9.7+15"
  web_socket_channel:
    dependency: transitive
    description:
      name: web_socket_channel
      url: "https://pub.dartlang.org"
    source: hosted
    version: "1.1.0"
  webdriver:
    dependency: transitive
    description:
      name: webdriver
      url: "https://pub.dartlang.org"
    source: hosted
    version: "2.1.2"
  webkit_inspection_protocol:
    dependency: transitive
    description:
      name: webkit_inspection_protocol
      url: "https://pub.dartlang.org"
    source: hosted
    version: "0.7.4"
  websocket:
    dependency: transitive
    description:
      name: websocket
      url: "https://pub.dartlang.org"
    source: hosted
    version: "0.0.5"
  webview_flutter:
    dependency: "direct main"
    description:
      name: webview_flutter
      url: "https://pub.dartlang.org"
    source: hosted
    version: "1.0.7"
  win32:
    dependency: transitive
    description:
      name: win32
      url: "https://pub.dartlang.org"
    source: hosted
    version: "1.7.4"
  xdg_directories:
    dependency: transitive
    description:
      name: xdg_directories
      url: "https://pub.dartlang.org"
    source: hosted
    version: "0.1.2"
  xml:
    dependency: transitive
    description:
      name: xml
      url: "https://pub.dartlang.org"
    source: hosted
    version: "4.5.1"
  yaml:
    dependency: transitive
    description:
      name: yaml
      url: "https://pub.dartlang.org"
    source: hosted
    version: "2.2.1"
  youtube_player_flutter:
    dependency: "direct main"
    description:
      name: youtube_player_flutter
      url: "https://pub.dartlang.org"
    source: hosted
    version: "7.0.0+7"
sdks:
  dart: ">=2.10.2 <2.11.0"
  flutter: "1.22.6"
